
Microsoft Visual Studio Solution File, Format Version 12.00
# Visual Studio 15
VisualStudioVersion = 15.0.28307.168
MinimumVisualStudioVersion = 10.0.40219.1
Project("{FAE04EC0-301F-11D3-BF4B-00C04F79EFBC}") = "01GridLayout", "01GridLayout\01GridLayout.csproj", "{84B01E80-6EBF-41E0-BF20-C7B5AD0B118A}"
EndProject
Project("{FAE04EC0-301F-11D3-BF4B-00C04F79EFBC}") = "02Stackpanel", "WpfApp1\02Stackpanel.csproj", "{0BE33CE1-43FC-43AD-B0BF-7E132A1C584E}"
EndProject
Project("{FAE04EC0-301F-11D3-BF4B-00C04F79EFBC}") = "xamlgame", "xamlgame\xamlgame.csproj", "{695715F2-664A-4278-AB07-0537B59E3CF7}"
EndProject
Global
	GlobalSection(SolutionConfigurationPlatforms) = preSolution
		Debug|Any CPU = Debug|Any CPU
		Release|Any CPU = Release|Any CPU
	EndGlobalSection
	GlobalSection(ProjectConfigurationPlatforms) = postSolution
		{84B01E80-6EBF-41E0-BF20-C7B5AD0B118A}.Debug|Any CPU.ActiveCfg = Debug|Any CPU
		{84B01E80-6EBF-41E0-BF20-C7B5AD0B118A}.Debug|Any CPU.Build.0 = Debug|Any CPU
		{84B01E80-6EBF-41E0-BF20-C7B5AD0B118A}.Release|Any CPU.ActiveCfg = Release|Any CPU
		{84B01E80-6EBF-41E0-BF20-C7B5AD0B118A}.Release|Any CPU.Build.0 = Release|Any CPU
		{0BE33CE1-43FC-43AD-B0BF-7E132A1C584E}.Debug|Any CPU.ActiveCfg = Debug|Any CPU
		{0BE33CE1-43FC-43AD-B0BF-7E132A1C584E}.Debug|Any CPU.Build.0 = Debug|Any CPU
		{0BE33CE1-43FC-43AD-B0BF-7E132A1C584E}.Release|Any CPU.ActiveCfg = Release|Any CPU
		{0BE33CE1-43FC-43AD-B0BF-7E132A1C584E}.Release|Any CPU.Build.0 = Release|Any CPU
		{695715F2-664A-4278-AB07-0537B59E3CF7}.Debug|Any CPU.ActiveCfg = Debug|Any CPU
		{695715F2-664A-4278-AB07-0537B59E3CF7}.Debug|Any CPU.Build.0 = Debug|Any CPU
		{695715F2-664A-4278-AB07-0537B59E3CF7}.Release|Any CPU.ActiveCfg = Release|Any CPU
		{695715F2-664A-4278-AB07-0537B59E3CF7}.Release|Any CPU.Build.0 = Release|Any CPU
	EndGlobalSection
	GlobalSection(SolutionProperties) = preSolution
		HideSolutionNode = FALSE
	EndGlobalSection
	GlobalSection(ExtensibilityGlobals) = postSolution
		SolutionGuid = {119AB578-7878-4212-AAC3-DE0EDE4B108E}
	EndGlobalSection
EndGlobal
